
Microsoft Visual Studio Solution File, Format Version 12.00
# Visual Studio 15
Project("{FAE04EC0-301F-11D3-BF4B-00C04F79EFBC}") = "LALib", "LALib\LALib.csproj", "{91B4729F-5AC7-41F8-93AC-BB8C7073435E}"
EndProject
Project("{FAE04EC0-301F-11D3-BF4B-00C04F79EFBC}") = "LALibTest", "LALibTest\LALibTest.csproj", "{B80D1F70-7E81-4BD7-9B1E-F108780BECCF}"
EndProject
Global
	GlobalSection(SolutionConfigurationPlatforms) = preSolution
		Debug|Any CPU = Debug|Any CPU
		Release|Any CPU = Release|Any CPU
	EndGlobalSection
	GlobalSection(ProjectConfigurationPlatforms) = postSolution
		{91B4729F-5AC7-41F8-93AC-BB8C7073435E}.Debug|Any CPU.ActiveCfg = Debug|Any CPU
		{91B4729F-5AC7-41F8-93AC-BB8C7073435E}.Debug|Any CPU.Build.0 = Debug|Any CPU
		{91B4729F-5AC7-41F8-93AC-BB8C7073435E}.Release|Any CPU.ActiveCfg = Release|Any CPU
		{91B4729F-5AC7-41F8-93AC-BB8C7073435E}.Release|Any CPU.Build.0 = Release|Any CPU
		{B80D1F70-7E81-4BD7-9B1E-F108780BECCF}.Debug|Any CPU.ActiveCfg = Debug|Any CPU
		{B80D1F70-7E81-4BD7-9B1E-F108780BECCF}.Debug|Any CPU.Build.0 = Debug|Any CPU
		{B80D1F70-7E81-4BD7-9B1E-F108780BECCF}.Release|Any CPU.ActiveCfg = Release|Any CPU
		{B80D1F70-7E81-4BD7-9B1E-F108780BECCF}.Release|Any CPU.Build.0 = Release|Any CPU
	EndGlobalSection
EndGlobal
